github.com/ananagame/rich-go v0.0.0-20210525072106-9d45f0e06959 h1:JKgYojLXqnVzgJ3SwLsxMm7GvKtZa/KryMO/mTAukEM=
github.com/ananagame/rich-go v0.0.0-20210525072106-9d45f0e06959/go.mod h1:U9YxCfeNzWcDUs4O8lQfUyz9txKHTojVykpQicaZhyU=
github.com/gobs/httpclient v0.0.0-20210125184517-c21d5f0ff988 h1:/rxfEgdq3YO4pPSZqvTcs3XMO71hj4w0JTanM7ueAVU=
github.com/gobs/httpclient v0.0.0-20210125184517-c21d5f0ff988/go.mod h1:uPG1mH4ubcBV9o4vcjJDaFzqIMUW8nz6zg2KkINv4+M=
github.com/gobs/pretty v0.0.0-20180724170744-09732c25a95b h1:/vQ+oYKu+JoyaMPDsv5FzwuL2wwWBgBbtj/YLCi4LuA=
github.com/gobs/pretty v0.0.0-20180724170744-09732c25a95b/go.mod h1:Xo4aNUOrJnVruqWQJBtW6+bTBDTniY8yZum5rF3b5jw=
github.com/gobs/simplejson v0.0.0-20181106204727-c70e6bd5e26b h1:R6nfOvxM/FSBpF6uOitK+RslvoNZ5kUIdOC3HOfiInI=
github.com/gobs/simplejson v0.0.0-20181106204727-c70e6bd5e26b/go.mod h1:I5K8pVtjLb3st/ifOHRR6S5Z8RS2qj8fUtM0SLndj8Y=
github.com/gorilla/websocket v1.4.2 h1:+/TMaTYc4QFitKJxsQ7Yye35DkWvkdLcvGKqM+x0Ufc=
github.com/gorilla/websocket v1.4.2/go.mod h1:YR8l580nyteQvAITg2hZ9XVh4b55+EU/adAjf1fMHhE=
github.com/hugolgst/rich-go v0.0.0-20210525072106-9d45f0e06959 h1:jC7LVAFIZKoA2isT5NSQPKobjAadWwSeoEF78Amk0v0=
github.com/hugolgst/rich-go v0.0.0-20210525072106-9d45f0e06959/go.mod h1:J5UWekI/HHIt5ID+GVPAW+M19kxXLTFnAdTGDl4mRF0=
github.com/raff/godet v0.0.0-20201220021157-de134fa9a46d h1:VWox2HWFcv/RkQipXAw56Ey+xwGguYnsrPBSK37ewi0=
github.com/raff/godet v0.0.0-20201220021157-de134fa9a46d/go.mod h1:7z2HshXnEYBhiFEws0dIy334q8HFK8G5qsFAsmM81LU=
gopkg.in/natefinch/npipe.v2 v2.0.0-20160621034901-c1b8fa8bdcce h1:+JknDZhAj8YMt7GC73Ei8pv4MzjDUNPHgQWJdtMAaDU=
gopkg.in/natefinch/npipe.v2 v2.0.0-20160621034901-c1b8fa8bdcce/go.mod h1:5AcXVHNjg+BDxry382+8OKon8SEWiKktQR07RKPsv1c=
